{
  "object": {
    "pins": [
      {
        "package": "DeckOfPlayingCards",
        "repositoryURL": "https://github.com/apple/example-package-deckofplayingcards.git",
        "state": {
          "branch": null,
          "revision": "2c0e5ac3e10216151fc78ac1ec6bd9c2c0111a3a",
          "version": "3.0.4"
        }
      },
      {
        "package": "FisherYates",
        "repositoryURL": "https://github.com/apple/example-package-fisheryates.git",
        "state": {
          "branch": null,
          "revision": "2a6fedc1e5a5157f6620a22c4fd70b1e93efb3d5",
          "version": "2.0.5"
        }
      },
      {
        "package": "PlayingCard",
        "repositoryURL": "https://github.com/apple/example-package-playingcard.git",
        "state": {
          "branch": null,
          "revision": "e94642c6d4528140a8ee4cf949916897cb0a78aa",
          "version": "3.0.4"
        }
      }
    ]
  },
  "version": 1
}
